
Microsoft Visual Studio Solution File, Format Version 12.00
# Visual Studio Version 17
VisualStudioVersion = 17.8.34309.116
MinimumVisualStudioVersion = 10.0.40219.1
Project("{9A19103F-16F7-4668-BE54-9A1E7A4F7556}") = "S3BlobUploader", "S3BlobUploader.csproj", "{F4DCAC12-4F0E-498E-8D7B-38A85945A2E3}"
EndProject
Project("{9A19103F-16F7-4668-BE54-9A1E7A4F7556}") = "Jaype.Common", "..\Common\Jaype.Common\Jaype.Common.csproj", "{C58732A0-5E93-45CD-819A-E72A64160BBF}"
EndProject
Global
	GlobalSection(SolutionConfigurationPlatforms) = preSolution
		Debug|Any CPU = Debug|Any CPU
		Release|Any CPU = Release|Any CPU
	EndGlobalSection
	GlobalSection(ProjectConfigurationPlatforms) = postSolution
		{F4DCAC12-4F0E-498E-8D7B-38A85945A2E3}.Debug|Any CPU.ActiveCfg = Debug|Any CPU
		{F4DCAC12-4F0E-498E-8D7B-38A85945A2E3}.Debug|Any CPU.Build.0 = Debug|Any CPU
		{F4DCAC12-4F0E-498E-8D7B-38A85945A2E3}.Release|Any CPU.ActiveCfg = Release|Any CPU
		{F4DCAC12-4F0E-498E-8D7B-38A85945A2E3}.Release|Any CPU.Build.0 = Release|Any CPU
		{C58732A0-5E93-45CD-819A-E72A64160BBF}.Debug|Any CPU.ActiveCfg = Debug|Any CPU
		{C58732A0-5E93-45CD-819A-E72A64160BBF}.Debug|Any CPU.Build.0 = Debug|Any CPU
		{C58732A0-5E93-45CD-819A-E72A64160BBF}.Release|Any CPU.ActiveCfg = Release|Any CPU
		{C58732A0-5E93-45CD-819A-E72A64160BBF}.Release|Any CPU.Build.0 = Release|Any CPU
	EndGlobalSection
	GlobalSection(SolutionProperties) = preSolution
		HideSolutionNode = FALSE
	EndGlobalSection
	GlobalSection(ExtensibilityGlobals) = postSolution
		SolutionGuid = {FD802079-8866-47F1-82D7-66651A96AC3B}
	EndGlobalSection
EndGlobal
